
Microsoft Visual Studio Solution File, Format Version 12.00
# Visual Studio Version 16
VisualStudioVersion = 16.0.30114.105
MinimumVisualStudioVersion = 10.0.40219.1
Project("{FAE04EC0-301F-11D3-BF4B-00C04F79EFBC}") = "Kadlet", "Kadlet\Kadlet.csproj", "{77BD23AD-EBA4-41B6-BBF1-46BE5F983B0E}"
EndProject
Project("{FAE04EC0-301F-11D3-BF4B-00C04F79EFBC}") = "Kadlet.Tests", "Kadlet.Tests\Kadlet.Tests.csproj", "{7D0BEFA7-7E55-46CA-8465-7489C6E8E0B1}"
EndProject
Global
	GlobalSection(SolutionConfigurationPlatforms) = preSolution
		Debug|Any CPU = Debug|Any CPU
		Release|Any CPU = Release|Any CPU
	EndGlobalSection
	GlobalSection(SolutionProperties) = preSolution
		HideSolutionNode = FALSE
	EndGlobalSection
	GlobalSection(ProjectConfigurationPlatforms) = postSolution
		{77BD23AD-EBA4-41B6-BBF1-46BE5F983B0E}.Debug|Any CPU.ActiveCfg = Debug|Any CPU
		{77BD23AD-EBA4-41B6-BBF1-46BE5F983B0E}.Debug|Any CPU.Build.0 = Debug|Any CPU
		{77BD23AD-EBA4-41B6-BBF1-46BE5F983B0E}.Release|Any CPU.ActiveCfg = Release|Any CPU
		{77BD23AD-EBA4-41B6-BBF1-46BE5F983B0E}.Release|Any CPU.Build.0 = Release|Any CPU
		{7D0BEFA7-7E55-46CA-8465-7489C6E8E0B1}.Debug|Any CPU.ActiveCfg = Debug|Any CPU
		{7D0BEFA7-7E55-46CA-8465-7489C6E8E0B1}.Debug|Any CPU.Build.0 = Debug|Any CPU
		{7D0BEFA7-7E55-46CA-8465-7489C6E8E0B1}.Release|Any CPU.ActiveCfg = Release|Any CPU
		{7D0BEFA7-7E55-46CA-8465-7489C6E8E0B1}.Release|Any CPU.Build.0 = Release|Any CPU
	EndGlobalSection
EndGlobal
